
Microsoft Visual Studio Solution File, Format Version 12.00
# Visual Studio Version 16
VisualStudioVersion = 16.0.29411.108
MinimumVisualStudioVersion = 10.0.40219.1
Project("{FAE04EC0-301F-11D3-BF4B-00C04F79EFBC}") = "SpiceAsp.netCoreMVC", "SpiceAsp.netCoreMVC\SpiceAsp.netCoreMVC.csproj", "{B953472F-6AD6-438C-86FB-8D6BD43A4707}"
EndProject
Global
	GlobalSection(SolutionConfigurationPlatforms) = preSolution
		Debug|Any CPU = Debug|Any CPU
		Release|Any CPU = Release|Any CPU
	EndGlobalSection
	GlobalSection(ProjectConfigurationPlatforms) = postSolution
		{B953472F-6AD6-438C-86FB-8D6BD43A4707}.Debug|Any CPU.ActiveCfg = Debug|Any CPU
		{B953472F-6AD6-438C-86FB-8D6BD43A4707}.Debug|Any CPU.Build.0 = Debug|Any CPU
		{B953472F-6AD6-438C-86FB-8D6BD43A4707}.Release|Any CPU.ActiveCfg = Release|Any CPU
		{B953472F-6AD6-438C-86FB-8D6BD43A4707}.Release|Any CPU.Build.0 = Release|Any CPU
	EndGlobalSection
	GlobalSection(SolutionProperties) = preSolution
		HideSolutionNode = FALSE
	EndGlobalSection
	GlobalSection(ExtensibilityGlobals) = postSolution
		SolutionGuid = {288BE8E3-2A9D-42C7-A5E3-7F00F4461564}
	EndGlobalSection
EndGlobal
